// !$*UTF8*$!
{
	archiveVersion = 1;
	classes = {
	};
	objectVersion = 50;
	objects = {

/* Begin PBXBuildFile section */
		34824A162355084B002876BE /* AppDelegate.swift in Sources */ = {isa = PBXBuildFile; fileRef = 34824A152355084B002876BE /* AppDelegate.swift */; };
		34824A1D2355084D002876BE /* Assets.xcassets in Resources */ = {isa = PBXBuildFile; fileRef = 34824A1C2355084D002876BE /* Assets.xcassets */; };
		34824A202355084D002876BE /* LaunchScreen.storyboard in Resources */ = {isa = PBXBuildFile; fileRef = 34824A1E2355084D002876BE /* LaunchScreen.storyboard */; };
		34824A2B2355084D002876BE /* kobe_ios_challengeTests.swift in Sources */ = {isa = PBXBuildFile; fileRef = 34824A2A2355084D002876BE /* kobe_ios_challengeTests.swift */; };
		34824A362355084D002876BE /* kobe_ios_challengeUITests.swift in Sources */ = {isa = PBXBuildFile; fileRef = 34824A352355084D002876BE /* kobe_ios_challengeUITests.swift */; };
		462FE386618C4895095E5D7D /* Pods_kobe_ios_challenge_kobe_ios_challengeUITests.framework in Frameworks */ = {isa = PBXBuildFile; fileRef = 2ECB68001B26343740C02C5D /* Pods_kobe_ios_challenge_kobe_ios_challengeUITests.framework */; };
		53D1E2A3235A7956002D11B7 /* TopRatedMoviesViewController.swift in Sources */ = {isa = PBXBuildFile; fileRef = 53D1E2A2235A7956002D11B7 /* TopRatedMoviesViewController.swift */; };
		53D1E2A5235A7B3C002D11B7 /* MovieResponse.swift in Sources */ = {isa = PBXBuildFile; fileRef = 53D1E2A4235A7B3C002D11B7 /* MovieResponse.swift */; };
		53D1E2A8235A7DEF002D11B7 /* MovieApiDataSource.swift in Sources */ = {isa = PBXBuildFile; fileRef = 53D1E2A7235A7DEF002D11B7 /* MovieApiDataSource.swift */; };
		53D1E2AB235A7EE3002D11B7 /* BaseCallback.swift in Sources */ = {isa = PBXBuildFile; fileRef = 53D1E2AA235A7EE3002D11B7 /* BaseCallback.swift */; };
		53D1E2AD235A7F0D002D11B7 /* CallbackEnum.swift in Sources */ = {isa = PBXBuildFile; fileRef = 53D1E2AC235A7F0D002D11B7 /* CallbackEnum.swift */; };
		53D1E2AF235A8089002D11B7 /* GenreResponse.swift in Sources */ = {isa = PBXBuildFile; fileRef = 53D1E2AE235A8089002D11B7 /* GenreResponse.swift */; };
		86A4425640183CE12A212632 /* Pods_kobe_ios_challenge.framework in Frameworks */ = {isa = PBXBuildFile; fileRef = 3044B0AD5BD13285E36BF99B /* Pods_kobe_ios_challenge.framework */; };
		8758F28AE9CCCDFE0AD001CE /* Pods_kobe_ios_challengeTests.framework in Frameworks */ = {isa = PBXBuildFile; fileRef = 2732E24759B53439C83C9AB5 /* Pods_kobe_ios_challengeTests.framework */; };
/* End PBXBuildFile section */

/* Begin PBXContainerItemProxy section */
		34824A272355084D002876BE /* PBXContainerItemProxy */ = {
			isa = PBXContainerItemProxy;
			containerPortal = 34824A0A2355084B002876BE /* Project object */;
			proxyType = 1;
			remoteGlobalIDString = 34824A112355084B002876BE;
			remoteInfo = "kobe-ios-challenge";
		};
		34824A322355084D002876BE /* PBXContainerItemProxy */ = {
			isa = PBXContainerItemProxy;
			containerPortal = 34824A0A2355084B002876BE /* Project object */;
			proxyType = 1;
			remoteGlobalIDString = 34824A112355084B002876BE;
			remoteInfo = "kobe-ios-challenge";
		};
/* End PBXContainerItemProxy section */

/* Begin PBXFileReference section */
		07042E7D2DF97A4E1C6FB769 /* Pods-kobe-ios-challenge-kobe-ios-challengeUITests.release.xcconfig */ = {isa = PBXFileReference; includeInIndex = 1; lastKnownFileType = text.xcconfig; name = "Pods-kobe-ios-challenge-kobe-ios-challengeUITests.release.xcconfig"; path = "Target Support Files/Pods-kobe-ios-challenge-kobe-ios-challengeUITests/Pods-kobe-ios-challenge-kobe-ios-challengeUITests.release.xcconfig"; sourceTree = "<group>"; };
		2732E24759B53439C83C9AB5 /* Pods_kobe_ios_challengeTests.framework */ = {isa = PBXFileReference; explicitFileType = wrapper.framework; includeInIndex = 0; path = Pods_kobe_ios_challengeTests.framework; sourceTree = BUILT_PRODUCTS_DIR; };
		2ECB68001B26343740C02C5D /* Pods_kobe_ios_challenge_kobe_ios_challengeUITests.framework */ = {isa = PBXFileReference; explicitFileType = wrapper.framework; includeInIndex = 0; path = Pods_kobe_ios_challenge_kobe_ios_challengeUITests.framework; sourceTree = BUILT_PRODUCTS_DIR; };
		3044B0AD5BD13285E36BF99B /* Pods_kobe_ios_challenge.framework */ = {isa = PBXFileReference; explicitFileType = wrapper.framework; includeInIndex = 0; path = Pods_kobe_ios_challenge.framework; sourceTree = BUILT_PRODUCTS_DIR; };
		34824A122355084B002876BE /* kobe-ios-challenge.app */ = {isa = PBXFileReference; explicitFileType = wrapper.application; includeInIndex = 0; path = "kobe-ios-challenge.app"; sourceTree = BUILT_PRODUCTS_DIR; };
		34824A152355084B002876BE /* AppDelegate.swift */ = {isa = PBXFileReference; lastKnownFileType = sourcecode.swift; path = AppDelegate.swift; sourceTree = "<group>"; };
		34824A1C2355084D002876BE /* Assets.xcassets */ = {isa = PBXFileReference; lastKnownFileType = folder.assetcatalog; path = Assets.xcassets; sourceTree = "<group>"; };
		34824A1F2355084D002876BE /* Base */ = {isa = PBXFileReference; lastKnownFileType = file.storyboard; name = Base; path = Base.lproj/LaunchScreen.storyboard; sourceTree = "<group>"; };
		34824A212355084D002876BE /* Info.plist */ = {isa = PBXFileReference; lastKnownFileType = text.plist.xml; path = Info.plist; sourceTree = "<group>"; };
		34824A262355084D002876BE /* kobe-ios-challengeTests.xctest */ = {isa = PBXFileReference; explicitFileType = wrapper.cfbundle; includeInIndex = 0; path = "kobe-ios-challengeTests.xctest"; sourceTree = BUILT_PRODUCTS_DIR; };
		34824A2A2355084D002876BE /* kobe_ios_challengeTests.swift */ = {isa = PBXFileReference; lastKnownFileType = sourcecode.swift; path = kobe_ios_challengeTests.swift; sourceTree = "<group>"; };
		34824A2C2355084D002876BE /* Info.plist */ = {isa = PBXFileReference; lastKnownFileType = text.plist.xml; path = Info.plist; sourceTree = "<group>"; };
		34824A312355084D002876BE /* kobe-ios-challengeUITests.xctest */ = {isa = PBXFileReference; explicitFileType = wrapper.cfbundle; includeInIndex = 0; path = "kobe-ios-challengeUITests.xctest"; sourceTree = BUILT_PRODUCTS_DIR; };
		34824A352355084D002876BE /* kobe_ios_challengeUITests.swift */ = {isa = PBXFileReference; lastKnownFileType = sourcecode.swift; path = kobe_ios_challengeUITests.swift; sourceTree = "<group>"; };
		34824A372355084D002876BE /* Info.plist */ = {isa = PBXFileReference; lastKnownFileType = text.plist.xml; path = Info.plist; sourceTree = "<group>"; };
		4790FE5BB8F44EC054A4F932 /* Pods-kobe-ios-challengeTests.debug.xcconfig */ = {isa = PBXFileReference; includeInIndex = 1; lastKnownFileType = text.xcconfig; name = "Pods-kobe-ios-challengeTests.debug.xcconfig"; path = "Target Support Files/Pods-kobe-ios-challengeTests/Pods-kobe-ios-challengeTests.debug.xcconfig"; sourceTree = "<group>"; };
		52AD8C1D12924893E6A2825E /* Pods-kobe-ios-challenge.release.xcconfig */ = {isa = PBXFileReference; includeInIndex = 1; lastKnownFileType = text.xcconfig; name = "Pods-kobe-ios-challenge.release.xcconfig"; path = "Target Support Files/Pods-kobe-ios-challenge/Pods-kobe-ios-challenge.release.xcconfig"; sourceTree = "<group>"; };
		53D1E2A2235A7956002D11B7 /* TopRatedMoviesViewController.swift */ = {isa = PBXFileReference; lastKnownFileType = sourcecode.swift; path = TopRatedMoviesViewController.swift; sourceTree = "<group>"; };
		53D1E2A4235A7B3C002D11B7 /* MovieResponse.swift */ = {isa = PBXFileReference; lastKnownFileType = sourcecode.swift; path = MovieResponse.swift; sourceTree = "<group>"; };
		53D1E2A7235A7DEF002D11B7 /* MovieApiDataSource.swift */ = {isa = PBXFileReference; lastKnownFileType = sourcecode.swift; path = MovieApiDataSource.swift; sourceTree = "<group>"; };
		53D1E2AA235A7EE3002D11B7 /* BaseCallback.swift */ = {isa = PBXFileReference; lastKnownFileType = sourcecode.swift; path = BaseCallback.swift; sourceTree = "<group>"; };
		53D1E2AC235A7F0D002D11B7 /* CallbackEnum.swift */ = {isa = PBXFileReference; lastKnownFileType = sourcecode.swift; path = CallbackEnum.swift; sourceTree = "<group>"; };
		53D1E2AE235A8089002D11B7 /* GenreResponse.swift */ = {isa = PBXFileReference; lastKnownFileType = sourcecode.swift; path = GenreResponse.swift; sourceTree = "<group>"; };
		6C4625B031BA8A0E53E35C8D /* Pods-kobe-ios-challenge.debug.xcconfig */ = {isa = PBXFileReference; includeInIndex = 1; lastKnownFileType = text.xcconfig; name = "Pods-kobe-ios-challenge.debug.xcconfig"; path = "Target Support Files/Pods-kobe-ios-challenge/Pods-kobe-ios-challenge.debug.xcconfig"; sourceTree = "<group>"; };
		B9386AD8D00BC8FA0D74C6B7 /* Pods-kobe-ios-challenge-kobe-ios-challengeUITests.debug.xcconfig */ = {isa = PBXFileReference; includeInIndex = 1; lastKnownFileType = text.xcconfig; name = "Pods-kobe-ios-challenge-kobe-ios-challengeUITests.debug.xcconfig"; path = "Target Support Files/Pods-kobe-ios-challenge-kobe-ios-challengeUITests/Pods-kobe-ios-challenge-kobe-ios-challengeUITests.debug.xcconfig"; sourceTree = "<group>"; };
		EDBD98434A89625643272757 /* Pods-kobe-ios-challengeTests.release.xcconfig */ = {isa = PBXFileReference; includeInIndex = 1; lastKnownFileType = text.xcconfig; name = "Pods-kobe-ios-challengeTests.release.xcconfig"; path = "Target Support Files/Pods-kobe-ios-challengeTests/Pods-kobe-ios-challengeTests.release.xcconfig"; sourceTree = "<group>"; };
/* End PBXFileReference section */

/* Begin PBXFrameworksBuildPhase section */
		34824A0F2355084B002876BE /* Frameworks */ = {
			isa = PBXFrameworksBuildPhase;
			buildActionMask = 2147483647;
			files = (
				86A4425640183CE12A212632 /* Pods_kobe_ios_challenge.framework in Frameworks */,
			);
			runOnlyForDeploymentPostprocessing = 0;
		};
		34824A232355084D002876BE /* Frameworks */ = {
			isa = PBXFrameworksBuildPhase;
			buildActionMask = 2147483647;
			files = (
				8758F28AE9CCCDFE0AD001CE /* Pods_kobe_ios_challengeTests.framework in Frameworks */,
			);
			runOnlyForDeploymentPostprocessing = 0;
		};
		34824A2E2355084D002876BE /* Frameworks */ = {
			isa = PBXFrameworksBuildPhase;
			buildActionMask = 2147483647;
			files = (
				462FE386618C4895095E5D7D /* Pods_kobe_ios_challenge_kobe_ios_challengeUITests.framework in Frameworks */,
			);
			runOnlyForDeploymentPostprocessing = 0;
		};
/* End PBXFrameworksBuildPhase section */

/* Begin PBXGroup section */
		34824A092355084B002876BE = {
			isa = PBXGroup;
			children = (
				34824A142355084B002876BE /* kobe-ios-challenge */,
				34824A292355084D002876BE /* kobe-ios-challengeTests */,
				34824A342355084D002876BE /* kobe-ios-challengeUITests */,
				34824A132355084B002876BE /* Products */,
				6617D8DDB7868EE91D135451 /* Pods */,
				D206A1765769F241C05441DD /* Frameworks */,
			);
			sourceTree = "<group>";
		};
		34824A132355084B002876BE /* Products */ = {
			isa = PBXGroup;
			children = (
				34824A122355084B002876BE /* kobe-ios-challenge.app */,
				34824A262355084D002876BE /* kobe-ios-challengeTests.xctest */,
				34824A312355084D002876BE /* kobe-ios-challengeUITests.xctest */,
			);
			name = Products;
			sourceTree = "<group>";
		};
		34824A142355084B002876BE /* kobe-ios-challenge */ = {
			isa = PBXGroup;
			children = (
				53D1E29C235A78AE002D11B7 /* Application */,
				53D1E29D235A78C9002D11B7 /* Models */,
				53D1E29E235A78D9002D11B7 /* DataSources */,
				34824A152355084B002876BE /* AppDelegate.swift */,
				34824A1C2355084D002876BE /* Assets.xcassets */,
				34824A1E2355084D002876BE /* LaunchScreen.storyboard */,
				34824A212355084D002876BE /* Info.plist */,
			);
			path = "kobe-ios-challenge";
			sourceTree = "<group>";
		};
		34824A292355084D002876BE /* kobe-ios-challengeTests */ = {
			isa = PBXGroup;
			children = (
				34824A2A2355084D002876BE /* kobe_ios_challengeTests.swift */,
				34824A2C2355084D002876BE /* Info.plist */,
			);
			path = "kobe-ios-challengeTests";
			sourceTree = "<group>";
		};
		34824A342355084D002876BE /* kobe-ios-challengeUITests */ = {
			isa = PBXGroup;
			children = (
				34824A352355084D002876BE /* kobe_ios_challengeUITests.swift */,
				34824A372355084D002876BE /* Info.plist */,
			);
			path = "kobe-ios-challengeUITests";
			sourceTree = "<group>";
		};
		53D1E29C235A78AE002D11B7 /* Application */ = {
			isa = PBXGroup;
			children = (
				53D1E2A1235A793C002D11B7 /* TopRatedMovies */,
			);
			path = Application;
			sourceTree = "<group>";
		};
		53D1E29D235A78C9002D11B7 /* Models */ = {
			isa = PBXGroup;
			children = (
				53D1E2A0235A790F002D11B7 /* DTOs */,
				53D1E29F235A7907002D11B7 /* Responses */,
			);
			path = Models;
			sourceTree = "<group>";
		};
		53D1E29E235A78D9002D11B7 /* DataSources */ = {
			isa = PBXGroup;
			children = (
				53D1E2A9235A7EC4002D11B7 /* Utils */,
				53D1E2A7235A7DEF002D11B7 /* MovieApiDataSource.swift */,
			);
			path = DataSources;
			sourceTree = "<group>";
		};
		53D1E29F235A7907002D11B7 /* Responses */ = {
			isa = PBXGroup;
			children = (
				53D1E2A4235A7B3C002D11B7 /* MovieResponse.swift */,
				53D1E2AE235A8089002D11B7 /* GenreResponse.swift */,
			);
			path = Responses;
			sourceTree = "<group>";
		};
		53D1E2A0235A790F002D11B7 /* DTOs */ = {
			isa = PBXGroup;
			children = (
			);
			path = DTOs;
			sourceTree = "<group>";
		};
		53D1E2A1235A793C002D11B7 /* TopRatedMovies */ = {
			isa = PBXGroup;
			children = (
				53D1E2A2235A7956002D11B7 /* TopRatedMoviesViewController.swift */,
			);
			path = TopRatedMovies;
			sourceTree = "<group>";
		};
		53D1E2A9235A7EC4002D11B7 /* Utils */ = {
			isa = PBXGroup;
			children = (
				53D1E2AA235A7EE3002D11B7 /* BaseCallback.swift */,
				53D1E2AC235A7F0D002D11B7 /* CallbackEnum.swift */,
			);
			path = Utils;
			sourceTree = "<group>";
		};
		6617D8DDB7868EE91D135451 /* Pods */ = {
			isa = PBXGroup;
			children = (
				6C4625B031BA8A0E53E35C8D /* Pods-kobe-ios-challenge.debug.xcconfig */,
				52AD8C1D12924893E6A2825E /* Pods-kobe-ios-challenge.release.xcconfig */,
				B9386AD8D00BC8FA0D74C6B7 /* Pods-kobe-ios-challenge-kobe-ios-challengeUITests.debug.xcconfig */,
				07042E7D2DF97A4E1C6FB769 /* Pods-kobe-ios-challenge-kobe-ios-challengeUITests.release.xcconfig */,
				4790FE5BB8F44EC054A4F932 /* Pods-kobe-ios-challengeTests.debug.xcconfig */,
				EDBD98434A89625643272757 /* Pods-kobe-ios-challengeTests.release.xcconfig */,
			);
			path = Pods;
			sourceTree = "<group>";
		};
		D206A1765769F241C05441DD /* Frameworks */ = {
			isa = PBXGroup;
			children = (
				3044B0AD5BD13285E36BF99B /* Pods_kobe_ios_challenge.framework */,
				2ECB68001B26343740C02C5D /* Pods_kobe_ios_challenge_kobe_ios_challengeUITests.framework */,
				2732E24759B53439C83C9AB5 /* Pods_kobe_ios_challengeTests.framework */,
			);
			name = Frameworks;
			sourceTree = "<group>";
		};
/* End PBXGroup section */

/* Begin PBXNativeTarget section */
		34824A112355084B002876BE /* kobe-ios-challenge */ = {
			isa = PBXNativeTarget;
			buildConfigurationList = 34824A3A2355084D002876BE /* Build configuration list for PBXNativeTarget "kobe-ios-challenge" */;
			buildPhases = (
				0492D47ED2A8FCF5A13331C9 /* [CP] Check Pods Manifest.lock */,
				34824A0E2355084B002876BE /* Sources */,
				34824A0F2355084B002876BE /* Frameworks */,
				34824A102355084B002876BE /* Resources */,
			);
			buildRules = (
			);
			dependencies = (
			);
			name = "kobe-ios-challenge";
			productName = "kobe-ios-challenge";
			productReference = 34824A122355084B002876BE /* kobe-ios-challenge.app */;
			productType = "com.apple.product-type.application";
		};
		34824A252355084D002876BE /* kobe-ios-challengeTests */ = {
			isa = PBXNativeTarget;
			buildConfigurationList = 34824A3D2355084D002876BE /* Build configuration list for PBXNativeTarget "kobe-ios-challengeTests" */;
			buildPhases = (
				30326BBBFD24C9F747EC602F /* [CP] Check Pods Manifest.lock */,
				34824A222355084D002876BE /* Sources */,
				34824A232355084D002876BE /* Frameworks */,
				34824A242355084D002876BE /* Resources */,
			);
			buildRules = (
			);
			dependencies = (
				34824A282355084D002876BE /* PBXTargetDependency */,
			);
			name = "kobe-ios-challengeTests";
			productName = "kobe-ios-challengeTests";
			productReference = 34824A262355084D002876BE /* kobe-ios-challengeTests.xctest */;
			productType = "com.apple.product-type.bundle.unit-test";
		};
		34824A302355084D002876BE /* kobe-ios-challengeUITests */ = {
			isa = PBXNativeTarget;
			buildConfigurationList = 34824A402355084D002876BE /* Build configuration list for PBXNativeTarget "kobe-ios-challengeUITests" */;
			buildPhases = (
				94AFC145CA6993ABFCB74735 /* [CP] Check Pods Manifest.lock */,
				34824A2D2355084D002876BE /* Sources */,
				34824A2E2355084D002876BE /* Frameworks */,
				34824A2F2355084D002876BE /* Resources */,
			);
			buildRules = (
			);
			dependencies = (
				34824A332355084D002876BE /* PBXTargetDependency */,
			);
			name = "kobe-ios-challengeUITests";
			productName = "kobe-ios-challengeUITests";
			productReference = 34824A312355084D002876BE /* kobe-ios-challengeUITests.xctest */;
			productType = "com.apple.product-type.bundle.ui-testing";
		};
/* End PBXNativeTarget section */

/* Begin PBXProject section */
		34824A0A2355084B002876BE /* Project object */ = {
			isa = PBXProject;
			attributes = {
				LastSwiftUpdateCheck = 1020;
				LastUpgradeCheck = 1020;
				TargetAttributes = {
					34824A112355084B002876BE = {
						CreatedOnToolsVersion = 10.2.1;
					};
					34824A252355084D002876BE = {
						CreatedOnToolsVersion = 10.2.1;
						TestTargetID = 34824A112355084B002876BE;
					};
					34824A302355084D002876BE = {
						CreatedOnToolsVersion = 10.2.1;
						TestTargetID = 34824A112355084B002876BE;
					};
				};
			};
			buildConfigurationList = 34824A0D2355084B002876BE /* Build configuration list for PBXProject "kobe-ios-challenge" */;
			compatibilityVersion = "Xcode 9.3";
			developmentRegion = en;
			hasScannedForEncodings = 0;
			knownRegions = (
				en,
				Base,
			);
			mainGroup = 34824A092355084B002876BE;
			productRefGroup = 34824A132355084B002876BE /* Products */;
			projectDirPath = "";
			projectRoot = "";
			targets = (
				34824A112355084B002876BE /* kobe-ios-challenge */,
				34824A252355084D002876BE /* kobe-ios-challengeTests */,
				34824A302355084D002876BE /* kobe-ios-challengeUITests */,
			);
		};
/* End PBXProject section */

/* Begin PBXResourcesBuildPhase section */
		34824A102355084B002876BE /* Resources */ = {
			isa = PBXResourcesBuildPhase;
			buildActionMask = 2147483647;
			files = (
				34824A202355084D002876BE /* LaunchScreen.storyboard in Resources */,
				34824A1D2355084D002876BE /* Assets.xcassets in Resources */,
			);
			runOnlyForDeploymentPostprocessing = 0;
		};
		34824A242355084D002876BE /* Resources */ = {
			isa = PBXResourcesBuildPhase;
			buildActionMask = 2147483647;
			files = (
			);
			runOnlyForDeploymentPostprocessing = 0;
		};
		34824A2F2355084D002876BE /* Resources */ = {
			isa = PBXResourcesBuildPhase;
			buildActionMask = 2147483647;
			files = (
			);
			runOnlyForDeploymentPostprocessing = 0;
		};
/* End PBXResourcesBuildPhase section */

/* Begin PBXShellScriptBuildPhase section */
		0492D47ED2A8FCF5A13331C9 /* [CP] Check Pods Manifest.lock */ = {
			isa = PBXShellScriptBuildPhase;
			buildActionMask = 2147483647;
			files = (
			);
			inputFileListPaths = (
			);
			inputPaths = (
				"${PODS_PODFILE_DIR_PATH}/Podfile.lock",
				"${PODS_ROOT}/Manifest.lock",
			);
			name = "[CP] Check Pods Manifest.lock";
			outputFileListPaths = (
			);
			outputPaths = (
				"$(DERIVED_FILE_DIR)/Pods-kobe-ios-challenge-checkManifestLockResult.txt",
			);
			runOnlyForDeploymentPostprocessing = 0;
			shellPath = /bin/sh;
			shellScript = "diff \"${PODS_PODFILE_DIR_PATH}/Podfile.lock\" \"${PODS_ROOT}/Manifest.lock\" > /dev/null\nif [ $? != 0 ] ; then\n    # print error to STDERR\n    echo \"error: The sandbox is not in sync with the Podfile.lock. Run 'pod install' or update your CocoaPods installation.\" >&2\n    exit 1\nfi\n# This output is used by Xcode 'outputs' to avoid re-running this script phase.\necho \"SUCCESS\" > \"${SCRIPT_OUTPUT_FILE_0}\"\n";
			showEnvVarsInLog = 0;
		};
		30326BBBFD24C9F747EC602F /* [CP] Check Pods Manifest.lock */ = {
			isa = PBXShellScriptBuildPhase;
			buildActionMask = 2147483647;
			files = (
			);
			inputFileListPaths = (
			);
			inputPaths = (
				"${PODS_PODFILE_DIR_PATH}/Podfile.lock",
				"${PODS_ROOT}/Manifest.lock",
			);
			name = "[CP] Check Pods Manifest.lock";
			outputFileListPaths = (
			);
			outputPaths = (
				"$(DERIVED_FILE_DIR)/Pods-kobe-ios-challengeTests-checkManifestLockResult.txt",
			);
			runOnlyForDeploymentPostprocessing = 0;
			shellPath = /bin/sh;
			shellScript = "diff \"${PODS_PODFILE_DIR_PATH}/Podfile.lock\" \"${PODS_ROOT}/Manifest.lock\" > /dev/null\nif [ $? != 0 ] ; then\n    # print error to STDERR\n    echo \"error: The sandbox is not in sync with the Podfile.lock. Run 'pod install' or update your CocoaPods installation.\" >&2\n    exit 1\nfi\n# This output is used by Xcode 'outputs' to avoid re-running this script phase.\necho \"SUCCESS\" > \"${SCRIPT_OUTPUT_FILE_0}\"\n";
			showEnvVarsInLog = 0;
		};
		94AFC145CA6993ABFCB74735 /* [CP] Check Pods Manifest.lock */ = {
			isa = PBXShellScriptBuildPhase;
			buildActionMask = 2147483647;
			files = (
			);
			inputFileListPaths = (
			);
			inputPaths = (
				"${PODS_PODFILE_DIR_PATH}/Podfile.lock",
				"${PODS_ROOT}/Manifest.lock",
			);
			name = "[CP] Check Pods Manifest.lock";
			outputFileListPaths = (
			);
			outputPaths = (
				"$(DERIVED_FILE_DIR)/Pods-kobe-ios-challenge-kobe-ios-challengeUITests-checkManifestLockResult.txt",
			);
			runOnlyForDeploymentPostprocessing = 0;
			shellPath = /bin/sh;
			shellScript = "diff \"${PODS_PODFILE_DIR_PATH}/Podfile.lock\" \"${PODS_ROOT}/Manifest.lock\" > /dev/null\nif [ $? != 0 ] ; then\n    # print error to STDERR\n    echo \"error: The sandbox is not in sync with the Podfile.lock. Run 'pod install' or update your CocoaPods installation.\" >&2\n    exit 1\nfi\n# This output is used by Xcode 'outputs' to avoid re-running this script phase.\necho \"SUCCESS\" > \"${SCRIPT_OUTPUT_FILE_0}\"\n";
			showEnvVarsInLog = 0;
		};
/* End PBXShellScriptBuildPhase section */

/* Begin PBXSourcesBuildPhase section */
		34824A0E2355084B002876BE /* Sources */ = {
			isa = PBXSourcesBuildPhase;
			buildActionMask = 2147483647;
			files = (
				53D1E2A8235A7DEF002D11B7 /* MovieApiDataSource.swift in Sources */,
				53D1E2AF235A8089002D11B7 /* GenreResponse.swift in Sources */,
				53D1E2AD235A7F0D002D11B7 /* CallbackEnum.swift in Sources */,
				53D1E2A3235A7956002D11B7 /* TopRatedMoviesViewController.swift in Sources */,
				53D1E2AB235A7EE3002D11B7 /* BaseCallback.swift in Sources */,
				34824A162355084B002876BE /* AppDelegate.swift in Sources */,
				53D1E2A5235A7B3C002D11B7 /* MovieResponse.swift in Sources */,
			);
			runOnlyForDeploymentPostprocessing = 0;
		};
		34824A222355084D002876BE /* Sources */ = {
			isa = PBXSourcesBuildPhase;
			buildActionMask = 2147483647;
			files = (
				34824A2B2355084D002876BE /* kobe_ios_challengeTests.swift in Sources */,
			);
			runOnlyForDeploymentPostprocessing = 0;
		};
		34824A2D2355084D002876BE /* Sources */ = {
			isa = PBXSourcesBuildPhase;
			buildActionMask = 2147483647;
			files = (
				34824A362355084D002876BE /* kobe_ios_challengeUITests.swift in Sources */,
			);
			runOnlyForDeploymentPostprocessing = 0;
		};
/* End PBXSourcesBuildPhase section */

/* Begin PBXTargetDependency section */
		34824A282355084D002876BE /* PBXTargetDependency */ = {
			isa = PBXTargetDependency;
			target = 34824A112355084B002876BE /* kobe-ios-challenge */;
			targetProxy = 34824A272355084D002876BE /* PBXContainerItemProxy */;
		};
		34824A332355084D002876BE /* PBXTargetDependency */ = {
			isa = PBXTargetDependency;
			target = 34824A112355084B002876BE /* kobe-ios-challenge */;
			targetProxy = 34824A322355084D002876BE /* PBXContainerItemProxy */;
		};
/* End PBXTargetDependency section */

/* Begin PBXVariantGroup section */
		34824A1E2355084D002876BE /* LaunchScreen.storyboard */ = {
			isa = PBXVariantGroup;
			children = (
				34824A1F2355084D002876BE /* Base */,
			);
			name = LaunchScreen.storyboard;
			sourceTree = "<group>";
		};
/* End PBXVariantGroup section */

/* Begin XCBuildConfiguration section */
		34824A382355084D002876BE /* Debug */ = {
			isa = XCBuildConfiguration;
			buildSettings = {
				ALWAYS_SEARCH_USER_PATHS = NO;
				CLANG_ANALYZER_NONNULL = YES;
				CLANG_ANALYZER_NUMBER_OBJECT_CONVERSION = YES_AGGRESSIVE;
				CLANG_CXX_LANGUAGE_STANDARD = "gnu++14";
				CLANG_CXX_LIBRARY = "libc++";
				CLANG_ENABLE_MODULES = YES;
				CLANG_ENABLE_OBJC_ARC = YES;
				CLANG_ENABLE_OBJC_WEAK = YES;
				CLANG_WARN_BLOCK_CAPTURE_AUTORELEASING = YES;
				CLANG_WARN_BOOL_CONVERSION = YES;
				CLANG_WARN_COMMA = YES;
				CLANG_WARN_CONSTANT_CONVERSION = YES;
				CLANG_WARN_DEPRECATED_OBJC_IMPLEMENTATIONS = YES;
				CLANG_WARN_DIRECT_OBJC_ISA_USAGE = YES_ERROR;
				CLANG_WARN_DOCUMENTATION_COMMENTS = YES;
				CLANG_WARN_EMPTY_BODY = YES;
				CLANG_WARN_ENUM_CONVERSION = YES;
				CLANG_WARN_INFINITE_RECURSION = YES;
				CLANG_WARN_INT_CONVERSION = YES;
				CLANG_WARN_NON_LITERAL_NULL_CONVERSION = YES;
				CLANG_WARN_OBJC_IMPLICIT_RETAIN_SELF = YES;
				CLANG_WARN_OBJC_LITERAL_CONVERSION = YES;
				CLANG_WARN_OBJC_ROOT_CLASS = YES_ERROR;
				CLANG_WARN_RANGE_LOOP_ANALYSIS = YES;
				CLANG_WARN_STRICT_PROTOTYPES = YES;
				CLANG_WARN_SUSPICIOUS_MOVE = YES;
				CLANG_WARN_UNGUARDED_AVAILABILITY = YES_AGGRESSIVE;
				CLANG_WARN_UNREACHABLE_CODE = YES;
				CLANG_WARN__DUPLICATE_METHOD_MATCH = YES;
				CODE_SIGN_IDENTITY = "iPhone Developer";
				COPY_PHASE_STRIP = NO;
				DEBUG_INFORMATION_FORMAT = dwarf;
				ENABLE_STRICT_OBJC_MSGSEND = YES;
				ENABLE_TESTABILITY = YES;
				GCC_C_LANGUAGE_STANDARD = gnu11;
				GCC_DYNAMIC_NO_PIC = NO;
				GCC_NO_COMMON_BLOCKS = YES;
				GCC_OPTIMIZATION_LEVEL = 0;
				GCC_PREPROCESSOR_DEFINITIONS = (
					"DEBUG=1",
					"$(inherited)",
				);
				GCC_WARN_64_TO_32_BIT_CONVERSION = YES;
				GCC_WARN_ABOUT_RETURN_TYPE = YES_ERROR;
				GCC_WARN_UNDECLARED_SELECTOR = YES;
				GCC_WARN_UNINITIALIZED_AUTOS = YES_AGGRESSIVE;
				GCC_WARN_UNUSED_FUNCTION = YES;
				GCC_WARN_UNUSED_VARIABLE = YES;
				IPHONEOS_DEPLOYMENT_TARGET = 12.0;
				MTL_ENABLE_DEBUG_INFO = INCLUDE_SOURCE;
				MTL_FAST_MATH = YES;
				ONLY_ACTIVE_ARCH = YES;
				SDKROOT = iphoneos;
				SWIFT_ACTIVE_COMPILATION_CONDITIONS = DEBUG;
				SWIFT_OPTIMIZATION_LEVEL = "-Onone";
			};
			name = Debug;
		};
		34824A392355084D002876BE /* Release */ = {
			isa = XCBuildConfiguration;
			buildSettings = {
				ALWAYS_SEARCH_USER_PATHS = NO;
				CLANG_ANALYZER_NONNULL = YES;
				CLANG_ANALYZER_NUMBER_OBJECT_CONVERSION = YES_AGGRESSIVE;
				CLANG_CXX_LANGUAGE_STANDARD = "gnu++14";
				CLANG_CXX_LIBRARY = "libc++";
				CLANG_ENABLE_MODULES = YES;
				CLANG_ENABLE_OBJC_ARC = YES;
				CLANG_ENABLE_OBJC_WEAK = YES;
				CLANG_WARN_BLOCK_CAPTURE_AUTORELEASING = YES;
				CLANG_WARN_BOOL_CONVERSION = YES;
				CLANG_WARN_COMMA = YES;
				CLANG_WARN_CONSTANT_CONVERSION = YES;
				CLANG_WARN_DEPRECATED_OBJC_IMPLEMENTATIONS = YES;
				CLANG_WARN_DIRECT_OBJC_ISA_USAGE = YES_ERROR;
				CLANG_WARN_DOCUMENTATION_COMMENTS = YES;
				CLANG_WARN_EMPTY_BODY = YES;
				CLANG_WARN_ENUM_CONVERSION = YES;
				CLANG_WARN_INFINITE_RECURSION = YES;
				CLANG_WARN_INT_CONVERSION = YES;
				CLANG_WARN_NON_LITERAL_NULL_CONVERSION = YES;
				CLANG_WARN_OBJC_IMPLICIT_RETAIN_SELF = YES;
				CLANG_WARN_OBJC_LITERAL_CONVERSION = YES;
				CLANG_WARN_OBJC_ROOT_CLASS = YES_ERROR;
				CLANG_WARN_RANGE_LOOP_ANALYSIS = YES;
				CLANG_WARN_STRICT_PROTOTYPES = YES;
				CLANG_WARN_SUSPICIOUS_MOVE = YES;
				CLANG_WARN_UNGUARDED_AVAILABILITY = YES_AGGRESSIVE;
				CLANG_WARN_UNREACHABLE_CODE = YES;
				CLANG_WARN__DUPLICATE_METHOD_MATCH = YES;
				CODE_SIGN_IDENTITY = "iPhone Developer";
				COPY_PHASE_STRIP = NO;
				DEBUG_INFORMATION_FORMAT = "dwarf-with-dsym";
				ENABLE_NS_ASSERTIONS = NO;
				ENABLE_STRICT_OBJC_MSGSEND = YES;
				GCC_C_LANGUAGE_STANDARD = gnu11;
				GCC_NO_COMMON_BLOCKS = YES;
				GCC_WARN_64_TO_32_BIT_CONVERSION = YES;
				GCC_WARN_ABOUT_RETURN_TYPE = YES_ERROR;
				GCC_WARN_UNDECLARED_SELECTOR = YES;
				GCC_WARN_UNINITIALIZED_AUTOS = YES_AGGRESSIVE;
				GCC_WARN_UNUSED_FUNCTION = YES;
				GCC_WARN_UNUSED_VARIABLE = YES;
				IPHONEOS_DEPLOYMENT_TARGET = 12.0;
				MTL_ENABLE_DEBUG_INFO = NO;
				MTL_FAST_MATH = YES;
				SDKROOT = iphoneos;
				SWIFT_COMPILATION_MODE = wholemodule;
				SWIFT_OPTIMIZATION_LEVEL = "-O";
				VALIDATE_PRODUCT = YES;
			};
			name = Release;
		};
		34824A3B2355084D002876BE /* Debug */ = {
			isa = XCBuildConfiguration;
			baseConfigurationReference = 6C4625B031BA8A0E53E35C8D /* Pods-kobe-ios-challenge.debug.xcconfig */;
			buildSettings = {
				ASSETCATALOG_COMPILER_APPICON_NAME = AppIcon;
				CODE_SIGN_STYLE = Automatic;
				DEVELOPMENT_TEAM = L9CMSL6QFV;
				INFOPLIST_FILE = "kobe-ios-challenge/Info.plist";
				IPHONEOS_DEPLOYMENT_TARGET = 12.0;
				LD_RUNPATH_SEARCH_PATHS = (
					"$(inherited)",
					"@executable_path/Frameworks",
				);
				PRODUCT_BUNDLE_IDENTIFIER = "br.com.liu-vasconcelos.kobe-ios-challenge";
				PRODUCT_NAME = "$(TARGET_NAME)";
				SWIFT_VERSION = 5.0;
				TARGETED_DEVICE_FAMILY = "1,2";
			};
			name = Debug;
		};
		34824A3C2355084D002876BE /* Release */ = {
			isa = XCBuildConfiguration;
			baseConfigurationReference = 52AD8C1D12924893E6A2825E /* Pods-kobe-ios-challenge.release.xcconfig */;
			buildSettings = {
				ASSETCATALOG_COMPILER_APPICON_NAME = AppIcon;
				CODE_SIGN_STYLE = Automatic;
				DEVELOPMENT_TEAM = L9CMSL6QFV;
				INFOPLIST_FILE = "kobe-ios-challenge/Info.plist";
				IPHONEOS_DEPLOYMENT_TARGET = 12.0;
				LD_RUNPATH_SEARCH_PATHS = (
					"$(inherited)",
					"@executable_path/Frameworks",
				);
				PRODUCT_BUNDLE_IDENTIFIER = "br.com.liu-vasconcelos.kobe-ios-challenge";
				PRODUCT_NAME = "$(TARGET_NAME)";
				SWIFT_VERSION = 5.0;
				TARGETED_DEVICE_FAMILY = "1,2";
			};
			name = Release;
		};
		34824A3E2355084D002876BE /* Debug */ = {
			isa = XCBuildConfiguration;
			baseConfigurationReference = 4790FE5BB8F44EC054A4F932 /* Pods-kobe-ios-challengeTests.debug.xcconfig */;
			buildSettings = {
				ALWAYS_EMBED_SWIFT_STANDARD_LIBRARIES = YES;
				BUNDLE_LOADER = "$(TEST_HOST)";
				CODE_SIGN_STYLE = Automatic;
				DEVELOPMENT_TEAM = L9CMSL6QFV;
				INFOPLIST_FILE = "kobe-ios-challengeTests/Info.plist";
				LD_RUNPATH_SEARCH_PATHS = (
					"$(inherited)",
					"@executable_path/Frameworks",
					"@loader_path/Frameworks",
				);
				PRODUCT_BUNDLE_IDENTIFIER = "br.com.liu-vasconcelos.kobe-ios-challengeTests";
				PRODUCT_NAME = "$(TARGET_NAME)";
				SWIFT_VERSION = 5.0;
				TARGETED_DEVICE_FAMILY = "1,2";
				TEST_HOST = "$(BUILT_PRODUCTS_DIR)/kobe-ios-challenge.app/kobe-ios-challenge";
			};
			name = Debug;
		};
		34824A3F2355084D002876BE /* Release */ = {
			isa = XCBuildConfiguration;
			baseConfigurationReference = EDBD98434A89625643272757 /* Pods-kobe-ios-challengeTests.release.xcconfig */;
			buildSettings = {
				ALWAYS_EMBED_SWIFT_STANDARD_LIBRARIES = YES;
				BUNDLE_LOADER = "$(TEST_HOST)";
				CODE_SIGN_STYLE = Automatic;
				DEVELOPMENT_TEAM = L9CMSL6QFV;
				INFOPLIST_FILE = "kobe-ios-challengeTests/Info.plist";
				LD_RUNPATH_SEARCH_PATHS = (
					"$(inherited)",
					"@executable_path/Frameworks",
					"@loader_path/Frameworks",
				);
				PRODUCT_BUNDLE_IDENTIFIER = "br.com.liu-vasconcelos.kobe-ios-challengeTests";
				PRODUCT_NAME = "$(TARGET_NAME)";
				SWIFT_VERSION = 5.0;
				TARGETED_DEVICE_FAMILY = "1,2";
				TEST_HOST = "$(BUILT_PRODUCTS_DIR)/kobe-ios-challenge.app/kobe-ios-challenge";
			};
			name = Release;
		};
		34824A412355084D002876BE /* Debug */ = {
			isa = XCBuildConfiguration;
			baseConfigurationReference = B9386AD8D00BC8FA0D74C6B7 /* Pods-kobe-ios-challenge-kobe-ios-challengeUITests.debug.xcconfig */;
			buildSettings = {
				ALWAYS_EMBED_SWIFT_STANDARD_LIBRARIES = YES;
				CODE_SIGN_STYLE = Automatic;
				DEVELOPMENT_TEAM = L9CMSL6QFV;
				INFOPLIST_FILE = "kobe-ios-challengeUITests/Info.plist";
				LD_RUNPATH_SEARCH_PATHS = (
					"$(inherited)",
					"@executable_path/Frameworks",
					"@loader_path/Frameworks",
				);
				PRODUCT_BUNDLE_IDENTIFIER = "br.com.liu-vasconcelos.kobe-ios-challengeUITests";
				PRODUCT_NAME = "$(TARGET_NAME)";
				SWIFT_VERSION = 5.0;
				TARGETED_DEVICE_FAMILY = "1,2";
				TEST_TARGET_NAME = "kobe-ios-challenge";
			};
			name = Debug;
		};
		34824A422355084D002876BE /* Release */ = {
			isa = XCBuildConfiguration;
			baseConfigurationReference = 07042E7D2DF97A4E1C6FB769 /* Pods-kobe-ios-challenge-kobe-ios-challengeUITests.release.xcconfig */;
			buildSettings = {
				ALWAYS_EMBED_SWIFT_STANDARD_LIBRARIES = YES;
				CODE_SIGN_STYLE = Automatic;
				DEVELOPMENT_TEAM = L9CMSL6QFV;
				INFOPLIST_FILE = "kobe-ios-challengeUITests/Info.plist";
				LD_RUNPATH_SEARCH_PATHS = (
					"$(inherited)",
					"@executable_path/Frameworks",
					"@loader_path/Frameworks",
				);
				PRODUCT_BUNDLE_IDENTIFIER = "br.com.liu-vasconcelos.kobe-ios-challengeUITests";
				PRODUCT_NAME = "$(TARGET_NAME)";
				SWIFT_VERSION = 5.0;
				TARGETED_DEVICE_FAMILY = "1,2";
				TEST_TARGET_NAME = "kobe-ios-challenge";
			};
			name = Release;
		};
/* End XCBuildConfiguration section */

/* Begin XCConfigurationList section */
		34824A0D2355084B002876BE /* Build configuration list for PBXProject "kobe-ios-challenge" */ = {
			isa = XCConfigurationList;
			buildConfigurations = (
				34824A382355084D002876BE /* Debug */,
				34824A392355084D002876BE /* Release */,
			);
			defaultConfigurationIsVisible = 0;
			defaultConfigurationName = Release;
		};
		34824A3A2355084D002876BE /* Build configuration list for PBXNativeTarget "kobe-ios-challenge" */ = {
			isa = XCConfigurationList;
			buildConfigurations = (
				34824A3B2355084D002876BE /* Debug */,
				34824A3C2355084D002876BE /* Release */,
			);
			defaultConfigurationIsVisible = 0;
			defaultConfigurationName = Release;
		};
		34824A3D2355084D002876BE /* Build configuration list for PBXNativeTarget "kobe-ios-challengeTests" */ = {
			isa = XCConfigurationList;
			buildConfigurations = (
				34824A3E2355084D002876BE /* Debug */,
				34824A3F2355084D002876BE /* Release */,
			);
			defaultConfigurationIsVisible = 0;
			defaultConfigurationName = Release;
		};
		34824A402355084D002876BE /* Build configuration list for PBXNativeTarget "kobe-ios-challengeUITests" */ = {
			isa = XCConfigurationList;
			buildConfigurations = (
				34824A412355084D002876BE /* Debug */,
				34824A422355084D002876BE /* Release */,
			);
			defaultConfigurationIsVisible = 0;
			defaultConfigurationName = Release;
		};
/* End XCConfigurationList section */
	};
	rootObject = 34824A0A2355084B002876BE /* Project object */;
}
